
Microsoft Visual Studio Solution File, Format Version 12.00
# Visual Studio Version 17
VisualStudioVersion = 17.5.002.0
MinimumVisualStudioVersion = 10.0.40219.1
Project("{9A19103F-16F7-4668-BE54-9A1E7A4F7556}") = "exerciciomario", "exerciciomario.csproj", "{DCFF77A1-855F-41C6-A770-D0601F173A83}"
EndProject
Global
	GlobalSection(SolutionConfigurationPlatforms) = preSolution
		Debug|Any CPU = Debug|Any CPU
		Release|Any CPU = Release|Any CPU
	EndGlobalSection
	GlobalSection(ProjectConfigurationPlatforms) = postSolution
		{DCFF77A1-855F-41C6-A770-D0601F173A83}.Debug|Any CPU.ActiveCfg = Debug|Any CPU
		{DCFF77A1-855F-41C6-A770-D0601F173A83}.Debug|Any CPU.Build.0 = Debug|Any CPU
		{DCFF77A1-855F-41C6-A770-D0601F173A83}.Release|Any CPU.ActiveCfg = Release|Any CPU
		{DCFF77A1-855F-41C6-A770-D0601F173A83}.Release|Any CPU.Build.0 = Release|Any CPU
	EndGlobalSection
	GlobalSection(SolutionProperties) = preSolution
		HideSolutionNode = FALSE
	EndGlobalSection
	GlobalSection(ExtensibilityGlobals) = postSolution
		SolutionGuid = {E27D4781-DC0C-479D-BA24-D682FE42DD1E}
	EndGlobalSection
EndGlobal
